# THIS IS AN AUTOGENERATED FILE. DO NOT EDIT THIS FILE DIRECTLY.
# yarn lockfile v1


"@types/google.analytics@^0.0.39":
  version "0.0.39"
  resolved "https://registry.yarnpkg.com/@types/google.analytics/-/google.analytics-0.0.39.tgz#19a952003dbf3c7373d655a5c3203b4726b8b802"

typescript@^2.8.4:
  version "2.8.4"
  resolved "https://registry.yarnpkg.com/typescript/-/typescript-2.8.4.tgz#0b1db68e6bdfb0b767fa2ab642136a35b059b199"
